github.com/twbs/bootstrap v5.3.3+incompatible h1:goFoqinzdHfkeegpFP7pvhbd0g+A3O2hbU3XCjuNrEQ=
github.com/twbs/bootstrap v5.3.3+incompatible/go.mod h1:fZTSrkpSf0/HkL0IIJzvVspTt1r9zuf7XlZau8kpcY0=
gitlab.com/tffhrtp/fhrp-pubtheme v0.0.0-20241105085003-441bc9ad7f72 h1:xc0k1vRq57ioYWwBh7prNYeRkIZBeAklbwRUFtLbKnI=
gitlab.com/tffhrtp/fhrp-pubtheme v0.0.0-20241105085003-441bc9ad7f72/go.mod h1:PIhw6B2kjRipso18pMeJhe/FFuY6pKlNUH2cB2hHESw=
