github.com/tffhrtp/fhrp-pubtheme v0.0.0-20241109204544-981ee70c5059 h1:mbOT5KrqdOPygO4sTGZdqE1+96c4c3w7L56ukaucFQc=
github.com/tffhrtp/fhrp-pubtheme v0.0.0-20241109204544-981ee70c5059/go.mod h1:ZRpqQp4oyUGULLqI0ywX0PW832l+MbWS/q5MQJtRl/E=
github.com/twbs/bootstrap v5.3.3+incompatible h1:goFoqinzdHfkeegpFP7pvhbd0g+A3O2hbU3XCjuNrEQ=
github.com/twbs/bootstrap v5.3.3+incompatible/go.mod h1:fZTSrkpSf0/HkL0IIJzvVspTt1r9zuf7XlZau8kpcY0=
