github.com/twbs/bootstrap v5.3.3+incompatible h1:goFoqinzdHfkeegpFP7pvhbd0g+A3O2hbU3XCjuNrEQ=
github.com/twbs/bootstrap v5.3.3+incompatible/go.mod h1:fZTSrkpSf0/HkL0IIJzvVspTt1r9zuf7XlZau8kpcY0=
gitlab.com/mdavis2810614/fhrp-pubtheme v0.0.0-20241105085003-441bc9ad7f72 h1:+iftnjvb/ctGjJsXWrdg6LKb/8Rg9fv82wj8Fb/kau0=
gitlab.com/mdavis2810614/fhrp-pubtheme v0.0.0-20241105085003-441bc9ad7f72/go.mod h1:fCO1FOb0VRXI0J60Hrl4ZTtALws7wwenexgBiZCgJV4=
